
Microsoft Visual Studio Solution File, Format Version 12.00
# Visual Studio Version 16
VisualStudioVersion = 16.0.29806.167
MinimumVisualStudioVersion = 10.0.40219.1
Project("{FAE04EC0-301F-11D3-BF4B-00C04F79EFBC}") = "T1-1", "T1-1\T1-1.csproj", "{F0A3A301-D927-4DCB-9A46-ED1C9711B775}"
EndProject
Project("{FAE04EC0-301F-11D3-BF4B-00C04F79EFBC}") = "T2-1", "T2-1\T2-1.csproj", "{5B070296-66B1-4C0E-B9C2-60B8DBFB761B}"
EndProject
Project("{FAE04EC0-301F-11D3-BF4B-00C04F79EFBC}") = "T3-1", "T3-1\T3-1.csproj", "{B1F943CD-C7D1-49BB-931A-1C6E024D9748}"
EndProject
Project("{FAE04EC0-301F-11D3-BF4B-00C04F79EFBC}") = "T3-1练习", "T3-1练习\T3-1练习.csproj", "{6043D64B-9CC9-4BA5-A4F9-884FB16DFF88}"
EndProject
Project("{FAE04EC0-301F-11D3-BF4B-00C04F79EFBC}") = "T3-1练习2", "T3-1练习2\T3-1练习2.csproj", "{28298166-4938-4DA2-BD50-68D102AB328F}"
EndProject
Project("{FAE04EC0-301F-11D3-BF4B-00C04F79EFBC}") = "T3-1练习3", "T3-1练习3\T3-1练习3.csproj", "{07C0F76E-9AFD-4C54-B718-8913CBDD2CF1}"
EndProject
Project("{FAE04EC0-301F-11D3-BF4B-00C04F79EFBC}") = "T3-2扩展方法", "3-2扩展方法\T3-2扩展方法.csproj", "{F3B671C8-FD55-42CD-8809-4CF1DE740753}"
EndProject
Project("{FAE04EC0-301F-11D3-BF4B-00C04F79EFBC}") = "T3-2扩展方法练习1", "3-2扩展方法练习1\T3-2扩展方法练习1.csproj", "{52C474F9-498D-41A1-A2B5-A3398AF706BC}"
EndProject
Project("{FAE04EC0-301F-11D3-BF4B-00C04F79EFBC}") = "T3-2迭代器练习", "T3-2迭代器练习\T3-2迭代器练习.csproj", "{FF2A8834-4963-447A-9CD1-2C66CA45CA72}"
EndProject
Project("{FAE04EC0-301F-11D3-BF4B-00C04F79EFBC}") = "T3-2lambda表达式", "T3-2lambda表达式\T3-2lambda表达式.csproj", "{0C57D7EA-6AB9-417B-A332-E71CF923DFFD}"
EndProject
Project("{FAE04EC0-301F-11D3-BF4B-00C04F79EFBC}") = "T4-1LINQ", "T4-1LINQ\T4-1LINQ.csproj", "{37AB3599-35AB-4C61-BFED-AA99EE3E52D2}"
EndProject
Project("{FAE04EC0-301F-11D3-BF4B-00C04F79EFBC}") = "T4-1聚合函数", "T4-1聚合函数\T4-1聚合函数.csproj", "{58FAE022-A345-49B7-BB19-69062A189BB4}"
EndProject
Project("{FAE04EC0-301F-11D3-BF4B-00C04F79EFBC}") = "T4-2数据类型转换", "T4-2数据类型转换\T4-2数据类型转换.csproj", "{A2D5AED9-4B32-4196-A959-59B9E88B7616}"
EndProject
Project("{FAE04EC0-301F-11D3-BF4B-00C04F79EFBC}") = "HttpTest", "HttpTest\HttpTest.csproj", "{39EC4FAC-E2E8-43B5-AF63-EC3CCFC86119}"
EndProject
Project("{FAE04EC0-301F-11D3-BF4B-00C04F79EFBC}") = "T5-2HttpHandler1", "T5-2HttpHandler1\T5-2HttpHandler1.csproj", "{45BC634C-BE69-4F39-ADD5-30F79321B230}"
EndProject
Project("{FAE04EC0-301F-11D3-BF4B-00C04F79EFBC}") = "T6-1-1", "T6-1-1\T6-1-1.csproj", "{A114DCF0-5352-4BC7-B900-C2CFCDA1B145}"
EndProject
Project("{FAE04EC0-301F-11D3-BF4B-00C04F79EFBC}") = "T6-2", "T6-2\T6-2.csproj", "{1712E4F5-196A-4ADA-A433-512C62738A48}"
EndProject
Project("{FAE04EC0-301F-11D3-BF4B-00C04F79EFBC}") = "T6_2_1", "T6_2_1\T6_2_1.csproj", "{8EA960DF-4666-4777-8B26-974B8E046FBD}"
EndProject
Global
	GlobalSection(SolutionConfigurationPlatforms) = preSolution
		Debug|Any CPU = Debug|Any CPU
		Release|Any CPU = Release|Any CPU
	EndGlobalSection
	GlobalSection(ProjectConfigurationPlatforms) = postSolution
		{F0A3A301-D927-4DCB-9A46-ED1C9711B775}.Debug|Any CPU.ActiveCfg = Debug|Any CPU
		{F0A3A301-D927-4DCB-9A46-ED1C9711B775}.Debug|Any CPU.Build.0 = Debug|Any CPU
		{F0A3A301-D927-4DCB-9A46-ED1C9711B775}.Release|Any CPU.ActiveCfg = Release|Any CPU
		{F0A3A301-D927-4DCB-9A46-ED1C9711B775}.Release|Any CPU.Build.0 = Release|Any CPU
		{5B070296-66B1-4C0E-B9C2-60B8DBFB761B}.Debug|Any CPU.ActiveCfg = Debug|Any CPU
		{5B070296-66B1-4C0E-B9C2-60B8DBFB761B}.Debug|Any CPU.Build.0 = Debug|Any CPU
		{5B070296-66B1-4C0E-B9C2-60B8DBFB761B}.Release|Any CPU.ActiveCfg = Release|Any CPU
		{5B070296-66B1-4C0E-B9C2-60B8DBFB761B}.Release|Any CPU.Build.0 = Release|Any CPU
		{B1F943CD-C7D1-49BB-931A-1C6E024D9748}.Debug|Any CPU.ActiveCfg = Debug|Any CPU
		{B1F943CD-C7D1-49BB-931A-1C6E024D9748}.Debug|Any CPU.Build.0 = Debug|Any CPU
		{B1F943CD-C7D1-49BB-931A-1C6E024D9748}.Release|Any CPU.ActiveCfg = Release|Any CPU
		{B1F943CD-C7D1-49BB-931A-1C6E024D9748}.Release|Any CPU.Build.0 = Release|Any CPU
		{6043D64B-9CC9-4BA5-A4F9-884FB16DFF88}.Debug|Any CPU.ActiveCfg = Debug|Any CPU
		{6043D64B-9CC9-4BA5-A4F9-884FB16DFF88}.Debug|Any CPU.Build.0 = Debug|Any CPU
		{6043D64B-9CC9-4BA5-A4F9-884FB16DFF88}.Release|Any CPU.ActiveCfg = Release|Any CPU
		{6043D64B-9CC9-4BA5-A4F9-884FB16DFF88}.Release|Any CPU.Build.0 = Release|Any CPU
		{28298166-4938-4DA2-BD50-68D102AB328F}.Debug|Any CPU.ActiveCfg = Debug|Any CPU
		{28298166-4938-4DA2-BD50-68D102AB328F}.Debug|Any CPU.Build.0 = Debug|Any CPU
		{28298166-4938-4DA2-BD50-68D102AB328F}.Release|Any CPU.ActiveCfg = Release|Any CPU
		{28298166-4938-4DA2-BD50-68D102AB328F}.Release|Any CPU.Build.0 = Release|Any CPU
		{07C0F76E-9AFD-4C54-B718-8913CBDD2CF1}.Debug|Any CPU.ActiveCfg = Debug|Any CPU
		{07C0F76E-9AFD-4C54-B718-8913CBDD2CF1}.Debug|Any CPU.Build.0 = Debug|Any CPU
		{07C0F76E-9AFD-4C54-B718-8913CBDD2CF1}.Release|Any CPU.ActiveCfg = Release|Any CPU
		{07C0F76E-9AFD-4C54-B718-8913CBDD2CF1}.Release|Any CPU.Build.0 = Release|Any CPU
		{F3B671C8-FD55-42CD-8809-4CF1DE740753}.Debug|Any CPU.ActiveCfg = Debug|Any CPU
		{F3B671C8-FD55-42CD-8809-4CF1DE740753}.Debug|Any CPU.Build.0 = Debug|Any CPU
		{F3B671C8-FD55-42CD-8809-4CF1DE740753}.Release|Any CPU.ActiveCfg = Release|Any CPU
		{F3B671C8-FD55-42CD-8809-4CF1DE740753}.Release|Any CPU.Build.0 = Release|Any CPU
		{52C474F9-498D-41A1-A2B5-A3398AF706BC}.Debug|Any CPU.ActiveCfg = Debug|Any CPU
		{52C474F9-498D-41A1-A2B5-A3398AF706BC}.Debug|Any CPU.Build.0 = Debug|Any CPU
		{52C474F9-498D-41A1-A2B5-A3398AF706BC}.Release|Any CPU.ActiveCfg = Release|Any CPU
		{52C474F9-498D-41A1-A2B5-A3398AF706BC}.Release|Any CPU.Build.0 = Release|Any CPU
		{FF2A8834-4963-447A-9CD1-2C66CA45CA72}.Debug|Any CPU.ActiveCfg = Debug|Any CPU
		{FF2A8834-4963-447A-9CD1-2C66CA45CA72}.Debug|Any CPU.Build.0 = Debug|Any CPU
		{FF2A8834-4963-447A-9CD1-2C66CA45CA72}.Release|Any CPU.ActiveCfg = Release|Any CPU
		{FF2A8834-4963-447A-9CD1-2C66CA45CA72}.Release|Any CPU.Build.0 = Release|Any CPU
		{0C57D7EA-6AB9-417B-A332-E71CF923DFFD}.Debug|Any CPU.ActiveCfg = Debug|Any CPU
		{0C57D7EA-6AB9-417B-A332-E71CF923DFFD}.Debug|Any CPU.Build.0 = Debug|Any CPU
		{0C57D7EA-6AB9-417B-A332-E71CF923DFFD}.Release|Any CPU.ActiveCfg = Release|Any CPU
		{0C57D7EA-6AB9-417B-A332-E71CF923DFFD}.Release|Any CPU.Build.0 = Release|Any CPU
		{37AB3599-35AB-4C61-BFED-AA99EE3E52D2}.Debug|Any CPU.ActiveCfg = Debug|Any CPU
		{37AB3599-35AB-4C61-BFED-AA99EE3E52D2}.Debug|Any CPU.Build.0 = Debug|Any CPU
		{37AB3599-35AB-4C61-BFED-AA99EE3E52D2}.Release|Any CPU.ActiveCfg = Release|Any CPU
		{37AB3599-35AB-4C61-BFED-AA99EE3E52D2}.Release|Any CPU.Build.0 = Release|Any CPU
		{58FAE022-A345-49B7-BB19-69062A189BB4}.Debug|Any CPU.ActiveCfg = Debug|Any CPU
		{58FAE022-A345-49B7-BB19-69062A189BB4}.Debug|Any CPU.Build.0 = Debug|Any CPU
		{58FAE022-A345-49B7-BB19-69062A189BB4}.Release|Any CPU.ActiveCfg = Release|Any CPU
		{58FAE022-A345-49B7-BB19-69062A189BB4}.Release|Any CPU.Build.0 = Release|Any CPU
		{A2D5AED9-4B32-4196-A959-59B9E88B7616}.Debug|Any CPU.ActiveCfg = Debug|Any CPU
		{A2D5AED9-4B32-4196-A959-59B9E88B7616}.Debug|Any CPU.Build.0 = Debug|Any CPU
		{A2D5AED9-4B32-4196-A959-59B9E88B7616}.Release|Any CPU.ActiveCfg = Release|Any CPU
		{A2D5AED9-4B32-4196-A959-59B9E88B7616}.Release|Any CPU.Build.0 = Release|Any CPU
		{39EC4FAC-E2E8-43B5-AF63-EC3CCFC86119}.Debug|Any CPU.ActiveCfg = Debug|Any CPU
		{39EC4FAC-E2E8-43B5-AF63-EC3CCFC86119}.Debug|Any CPU.Build.0 = Debug|Any CPU
		{39EC4FAC-E2E8-43B5-AF63-EC3CCFC86119}.Release|Any CPU.ActiveCfg = Release|Any CPU
		{39EC4FAC-E2E8-43B5-AF63-EC3CCFC86119}.Release|Any CPU.Build.0 = Release|Any CPU
		{45BC634C-BE69-4F39-ADD5-30F79321B230}.Debug|Any CPU.ActiveCfg = Debug|Any CPU
		{45BC634C-BE69-4F39-ADD5-30F79321B230}.Debug|Any CPU.Build.0 = Debug|Any CPU
		{45BC634C-BE69-4F39-ADD5-30F79321B230}.Release|Any CPU.ActiveCfg = Release|Any CPU
		{45BC634C-BE69-4F39-ADD5-30F79321B230}.Release|Any CPU.Build.0 = Release|Any CPU
		{A114DCF0-5352-4BC7-B900-C2CFCDA1B145}.Debug|Any CPU.ActiveCfg = Debug|Any CPU
		{A114DCF0-5352-4BC7-B900-C2CFCDA1B145}.Debug|Any CPU.Build.0 = Debug|Any CPU
		{A114DCF0-5352-4BC7-B900-C2CFCDA1B145}.Release|Any CPU.ActiveCfg = Release|Any CPU
		{A114DCF0-5352-4BC7-B900-C2CFCDA1B145}.Release|Any CPU.Build.0 = Release|Any CPU
		{1712E4F5-196A-4ADA-A433-512C62738A48}.Debug|Any CPU.ActiveCfg = Debug|Any CPU
		{1712E4F5-196A-4ADA-A433-512C62738A48}.Debug|Any CPU.Build.0 = Debug|Any CPU
		{1712E4F5-196A-4ADA-A433-512C62738A48}.Release|Any CPU.ActiveCfg = Release|Any CPU
		{1712E4F5-196A-4ADA-A433-512C62738A48}.Release|Any CPU.Build.0 = Release|Any CPU
		{8EA960DF-4666-4777-8B26-974B8E046FBD}.Debug|Any CPU.ActiveCfg = Debug|Any CPU
		{8EA960DF-4666-4777-8B26-974B8E046FBD}.Debug|Any CPU.Build.0 = Debug|Any CPU
		{8EA960DF-4666-4777-8B26-974B8E046FBD}.Release|Any CPU.ActiveCfg = Release|Any CPU
		{8EA960DF-4666-4777-8B26-974B8E046FBD}.Release|Any CPU.Build.0 = Release|Any CPU
	EndGlobalSection
	GlobalSection(SolutionProperties) = preSolution
		HideSolutionNode = FALSE
	EndGlobalSection
	GlobalSection(ExtensibilityGlobals) = postSolution
		SolutionGuid = {DDCE1C3C-774B-4473-9A00-C99DF9BFDF13}
	EndGlobalSection
EndGlobal
